
Microsoft Visual Studio Solution File, Format Version 12.00
# Visual Studio Version 16
VisualStudioVersion = 16.0.29905.134
MinimumVisualStudioVersion = 10.0.40219.1
Project("{FAE04EC0-301F-11D3-BF4B-00C04F79EFBC}") = "MyTcpServer", "TcpServer\MyTcpServer.csproj", "{138A7756-4860-45A0-A05C-D796CEBB314F}"
EndProject
Global
	GlobalSection(SolutionConfigurationPlatforms) = preSolution
		Debug|Any CPU = Debug|Any CPU
		Release|Any CPU = Release|Any CPU
	EndGlobalSection
	GlobalSection(ProjectConfigurationPlatforms) = postSolution
		{138A7756-4860-45A0-A05C-D796CEBB314F}.Debug|Any CPU.ActiveCfg = Debug|Any CPU
		{138A7756-4860-45A0-A05C-D796CEBB314F}.Debug|Any CPU.Build.0 = Debug|Any CPU
		{138A7756-4860-45A0-A05C-D796CEBB314F}.Release|Any CPU.ActiveCfg = Release|Any CPU
		{138A7756-4860-45A0-A05C-D796CEBB314F}.Release|Any CPU.Build.0 = Release|Any CPU
	EndGlobalSection
	GlobalSection(SolutionProperties) = preSolution
		HideSolutionNode = FALSE
	EndGlobalSection
	GlobalSection(ExtensibilityGlobals) = postSolution
		SolutionGuid = {44C0146E-024F-4C46-81BA-2D6B443132E5}
	EndGlobalSection
EndGlobal
